
Microsoft Visual Studio Solution File, Format Version 12.00
# Visual Studio 15
VisualStudioVersion = 15.0.26124.0
MinimumVisualStudioVersion = 15.0.26124.0
Project("{2150E333-8FDC-42A3-9474-1A3956D46DE8}") = "src", "src", "{E5FCEDC5-AF6A-4FE6-9BC4-82CB47950FEA}"
EndProject
Project("{FAE04EC0-301F-11D3-BF4B-00C04F79EFBC}") = "Client", "src\Client\Client.csproj", "{DC672957-4D23-41BC-A8B3-077B14A0252B}"
EndProject
Project("{FAE04EC0-301F-11D3-BF4B-00C04F79EFBC}") = "Api", "src\Api\Api.csproj", "{7C9FDA5F-293D-4DF8-8E36-91D206590676}"
EndProject
Project("{FAE04EC0-301F-11D3-BF4B-00C04F79EFBC}") = "IdentityServer", "src\IdentityServer\IdentityServer.csproj", "{F92F848B-3BA4-43F6-9191-5824C548F3F0}"
EndProject
Global
	GlobalSection(SolutionConfigurationPlatforms) = preSolution
		Debug|Any CPU = Debug|Any CPU
		Debug|x64 = Debug|x64
		Debug|x86 = Debug|x86
		Release|Any CPU = Release|Any CPU
		Release|x64 = Release|x64
		Release|x86 = Release|x86
	EndGlobalSection
	GlobalSection(SolutionProperties) = preSolution
		HideSolutionNode = FALSE
	EndGlobalSection
	GlobalSection(ProjectConfigurationPlatforms) = postSolution
		{DC672957-4D23-41BC-A8B3-077B14A0252B}.Debug|Any CPU.ActiveCfg = Debug|Any CPU
		{DC672957-4D23-41BC-A8B3-077B14A0252B}.Debug|Any CPU.Build.0 = Debug|Any CPU
		{DC672957-4D23-41BC-A8B3-077B14A0252B}.Debug|x64.ActiveCfg = Debug|Any CPU
		{DC672957-4D23-41BC-A8B3-077B14A0252B}.Debug|x64.Build.0 = Debug|Any CPU
		{DC672957-4D23-41BC-A8B3-077B14A0252B}.Debug|x86.ActiveCfg = Debug|Any CPU
		{DC672957-4D23-41BC-A8B3-077B14A0252B}.Debug|x86.Build.0 = Debug|Any CPU
		{DC672957-4D23-41BC-A8B3-077B14A0252B}.Release|Any CPU.ActiveCfg = Release|Any CPU
		{DC672957-4D23-41BC-A8B3-077B14A0252B}.Release|Any CPU.Build.0 = Release|Any CPU
		{DC672957-4D23-41BC-A8B3-077B14A0252B}.Release|x64.ActiveCfg = Release|Any CPU
		{DC672957-4D23-41BC-A8B3-077B14A0252B}.Release|x64.Build.0 = Release|Any CPU
		{DC672957-4D23-41BC-A8B3-077B14A0252B}.Release|x86.ActiveCfg = Release|Any CPU
		{DC672957-4D23-41BC-A8B3-077B14A0252B}.Release|x86.Build.0 = Release|Any CPU
		{7C9FDA5F-293D-4DF8-8E36-91D206590676}.Debug|Any CPU.ActiveCfg = Debug|Any CPU
		{7C9FDA5F-293D-4DF8-8E36-91D206590676}.Debug|Any CPU.Build.0 = Debug|Any CPU
		{7C9FDA5F-293D-4DF8-8E36-91D206590676}.Debug|x64.ActiveCfg = Debug|Any CPU
		{7C9FDA5F-293D-4DF8-8E36-91D206590676}.Debug|x64.Build.0 = Debug|Any CPU
		{7C9FDA5F-293D-4DF8-8E36-91D206590676}.Debug|x86.ActiveCfg = Debug|Any CPU
		{7C9FDA5F-293D-4DF8-8E36-91D206590676}.Debug|x86.Build.0 = Debug|Any CPU
		{7C9FDA5F-293D-4DF8-8E36-91D206590676}.Release|Any CPU.ActiveCfg = Release|Any CPU
		{7C9FDA5F-293D-4DF8-8E36-91D206590676}.Release|Any CPU.Build.0 = Release|Any CPU
		{7C9FDA5F-293D-4DF8-8E36-91D206590676}.Release|x64.ActiveCfg = Release|Any CPU
		{7C9FDA5F-293D-4DF8-8E36-91D206590676}.Release|x64.Build.0 = Release|Any CPU
		{7C9FDA5F-293D-4DF8-8E36-91D206590676}.Release|x86.ActiveCfg = Release|Any CPU
		{7C9FDA5F-293D-4DF8-8E36-91D206590676}.Release|x86.Build.0 = Release|Any CPU
		{F92F848B-3BA4-43F6-9191-5824C548F3F0}.Debug|Any CPU.ActiveCfg = Debug|Any CPU
		{F92F848B-3BA4-43F6-9191-5824C548F3F0}.Debug|Any CPU.Build.0 = Debug|Any CPU
		{F92F848B-3BA4-43F6-9191-5824C548F3F0}.Debug|x64.ActiveCfg = Debug|Any CPU
		{F92F848B-3BA4-43F6-9191-5824C548F3F0}.Debug|x64.Build.0 = Debug|Any CPU
		{F92F848B-3BA4-43F6-9191-5824C548F3F0}.Debug|x86.ActiveCfg = Debug|Any CPU
		{F92F848B-3BA4-43F6-9191-5824C548F3F0}.Debug|x86.Build.0 = Debug|Any CPU
		{F92F848B-3BA4-43F6-9191-5824C548F3F0}.Release|Any CPU.ActiveCfg = Release|Any CPU
		{F92F848B-3BA4-43F6-9191-5824C548F3F0}.Release|Any CPU.Build.0 = Release|Any CPU
		{F92F848B-3BA4-43F6-9191-5824C548F3F0}.Release|x64.ActiveCfg = Release|Any CPU
		{F92F848B-3BA4-43F6-9191-5824C548F3F0}.Release|x64.Build.0 = Release|Any CPU
		{F92F848B-3BA4-43F6-9191-5824C548F3F0}.Release|x86.ActiveCfg = Release|Any CPU
		{F92F848B-3BA4-43F6-9191-5824C548F3F0}.Release|x86.Build.0 = Release|Any CPU
	EndGlobalSection
	GlobalSection(NestedProjects) = preSolution
		{DC672957-4D23-41BC-A8B3-077B14A0252B} = {E5FCEDC5-AF6A-4FE6-9BC4-82CB47950FEA}
		{7C9FDA5F-293D-4DF8-8E36-91D206590676} = {E5FCEDC5-AF6A-4FE6-9BC4-82CB47950FEA}
		{F92F848B-3BA4-43F6-9191-5824C548F3F0} = {E5FCEDC5-AF6A-4FE6-9BC4-82CB47950FEA}
	EndGlobalSection
EndGlobal
